
Microsoft Visual Studio Solution File, Format Version 12.00
# Visual Studio Version 17
VisualStudioVersion = 17.1.32407.343
MinimumVisualStudioVersion = 10.0.40219.1
Project("{9A19103F-16F7-4668-BE54-9A1E7A4F7556}") = "CountriesCitiesAPI", "CountriesCitiesAPI\CountriesCitiesAPI.csproj", "{9A63EB51-A691-45BA-991C-78EF293364B7}"
EndProject
Project("{9A19103F-16F7-4668-BE54-9A1E7A4F7556}") = "EntityLayer", "EntityLayer\EntityLayer.csproj", "{DD4522DD-0037-4B41-A41D-56BA78077B5B}"
EndProject
Project("{9A19103F-16F7-4668-BE54-9A1E7A4F7556}") = "DAL", "DAL\DAL.csproj", "{7D4A1E64-155C-49DF-8B45-C355048D9948}"
EndProject
Project("{9A19103F-16F7-4668-BE54-9A1E7A4F7556}") = "BLL", "BLL\BLL.csproj", "{2F114E7E-ECA1-4540-AB51-291DD25C3599}"
EndProject
Project("{FAE04EC0-301F-11D3-BF4B-00C04F79EFBC}") = "CountryCityUI", "CountryCityUI\CountryCityUI.csproj", "{9383C834-6BDA-49F0-A38D-3391F86E3328}"
EndProject
Global
	GlobalSection(SolutionConfigurationPlatforms) = preSolution
		Debug|Any CPU = Debug|Any CPU
		Release|Any CPU = Release|Any CPU
	EndGlobalSection
	GlobalSection(ProjectConfigurationPlatforms) = postSolution
		{9A63EB51-A691-45BA-991C-78EF293364B7}.Debug|Any CPU.ActiveCfg = Debug|Any CPU
		{9A63EB51-A691-45BA-991C-78EF293364B7}.Debug|Any CPU.Build.0 = Debug|Any CPU
		{9A63EB51-A691-45BA-991C-78EF293364B7}.Release|Any CPU.ActiveCfg = Release|Any CPU
		{9A63EB51-A691-45BA-991C-78EF293364B7}.Release|Any CPU.Build.0 = Release|Any CPU
		{DD4522DD-0037-4B41-A41D-56BA78077B5B}.Debug|Any CPU.ActiveCfg = Debug|Any CPU
		{DD4522DD-0037-4B41-A41D-56BA78077B5B}.Debug|Any CPU.Build.0 = Debug|Any CPU
		{DD4522DD-0037-4B41-A41D-56BA78077B5B}.Release|Any CPU.ActiveCfg = Release|Any CPU
		{DD4522DD-0037-4B41-A41D-56BA78077B5B}.Release|Any CPU.Build.0 = Release|Any CPU
		{7D4A1E64-155C-49DF-8B45-C355048D9948}.Debug|Any CPU.ActiveCfg = Debug|Any CPU
		{7D4A1E64-155C-49DF-8B45-C355048D9948}.Debug|Any CPU.Build.0 = Debug|Any CPU
		{7D4A1E64-155C-49DF-8B45-C355048D9948}.Release|Any CPU.ActiveCfg = Release|Any CPU
		{7D4A1E64-155C-49DF-8B45-C355048D9948}.Release|Any CPU.Build.0 = Release|Any CPU
		{2F114E7E-ECA1-4540-AB51-291DD25C3599}.Debug|Any CPU.ActiveCfg = Debug|Any CPU
		{2F114E7E-ECA1-4540-AB51-291DD25C3599}.Debug|Any CPU.Build.0 = Debug|Any CPU
		{2F114E7E-ECA1-4540-AB51-291DD25C3599}.Release|Any CPU.ActiveCfg = Release|Any CPU
		{2F114E7E-ECA1-4540-AB51-291DD25C3599}.Release|Any CPU.Build.0 = Release|Any CPU
		{9383C834-6BDA-49F0-A38D-3391F86E3328}.Debug|Any CPU.ActiveCfg = Debug|Any CPU
		{9383C834-6BDA-49F0-A38D-3391F86E3328}.Debug|Any CPU.Build.0 = Debug|Any CPU
		{9383C834-6BDA-49F0-A38D-3391F86E3328}.Release|Any CPU.ActiveCfg = Release|Any CPU
		{9383C834-6BDA-49F0-A38D-3391F86E3328}.Release|Any CPU.Build.0 = Release|Any CPU
	EndGlobalSection
	GlobalSection(SolutionProperties) = preSolution
		HideSolutionNode = FALSE
	EndGlobalSection
	GlobalSection(ExtensibilityGlobals) = postSolution
		SolutionGuid = {E71CBD83-0B6C-41A8-852D-049EB1171AFC}
	EndGlobalSection
EndGlobal
